
Microsoft Visual Studio Solution File, Format Version 12.00
# Visual Studio Version 17
VisualStudioVersion = 17.2.32616.157
MinimumVisualStudioVersion = 10.0.40219.1
Project("{FAE04EC0-301F-11D3-BF4B-00C04F79EFBC}") = "RecentlySaved.Wpf", "RecentlySaved.Wpf\RecentlySaved.Wpf.csproj", "{B8A4F0CA-BBA4-414B-8C22-428B3F9E35FE}"
EndProject
Project("{9A19103F-16F7-4668-BE54-9A1E7A4F7556}") = "RecentlySaved.Console", "RecentlySaved.Console\RecentlySaved.Console.csproj", "{A4BEA626-B29F-416B-BEA2-F45A15C1B583}"
EndProject
Global
	GlobalSection(SolutionConfigurationPlatforms) = preSolution
		Debug|Any CPU = Debug|Any CPU
		Release|Any CPU = Release|Any CPU
	EndGlobalSection
	GlobalSection(ProjectConfigurationPlatforms) = postSolution
		{B8A4F0CA-BBA4-414B-8C22-428B3F9E35FE}.Debug|Any CPU.ActiveCfg = Debug|Any CPU
		{B8A4F0CA-BBA4-414B-8C22-428B3F9E35FE}.Debug|Any CPU.Build.0 = Debug|Any CPU
		{B8A4F0CA-BBA4-414B-8C22-428B3F9E35FE}.Release|Any CPU.ActiveCfg = Release|Any CPU
		{B8A4F0CA-BBA4-414B-8C22-428B3F9E35FE}.Release|Any CPU.Build.0 = Release|Any CPU
		{A4BEA626-B29F-416B-BEA2-F45A15C1B583}.Debug|Any CPU.ActiveCfg = Debug|Any CPU
		{A4BEA626-B29F-416B-BEA2-F45A15C1B583}.Debug|Any CPU.Build.0 = Debug|Any CPU
		{A4BEA626-B29F-416B-BEA2-F45A15C1B583}.Release|Any CPU.ActiveCfg = Release|Any CPU
		{A4BEA626-B29F-416B-BEA2-F45A15C1B583}.Release|Any CPU.Build.0 = Release|Any CPU
	EndGlobalSection
	GlobalSection(SolutionProperties) = preSolution
		HideSolutionNode = FALSE
	EndGlobalSection
	GlobalSection(ExtensibilityGlobals) = postSolution
		SolutionGuid = {F906170D-3872-4551-8767-D73BD1368DC6}
	EndGlobalSection
EndGlobal
